
Microsoft Visual Studio Solution File, Format Version 12.00
# Visual Studio 15
VisualStudioVersion = 15.0.25807.0
MinimumVisualStudioVersion = 10.0.40219.1
Project("{2150E333-8FDC-42A3-9474-1A3956D46DE8}") = "Engine", "Engine", "{DD67F0D3-36D1-4480-B806-3392E8B7C817}"
EndProject
Project("{2150E333-8FDC-42A3-9474-1A3956D46DE8}") = "Games", "Games", "{7DE04E98-6364-4F1D-9553-D07A64C56A25}"
EndProject
Project("{8BC9CEB8-8B4A-11D0-8D11-00A0C91BC942}") = "UE4", "Intermediate\ProjectFiles\UE4.vcxproj", "{3528B389-1A37-4552-B86B-009D38909FA3}"
EndProject
Project("{8BC9CEB8-8B4A-11D0-8D11-00A0C91BC942}") = "FPSGame", "Intermediate\ProjectFiles\FPSGame.vcxproj", "{24C52F8B-B96D-4B60-A001-D2078F247092}"
EndProject
Project("{2150E333-8FDC-42A3-9474-1A3956D46DE8}") = "Visualizers", "Visualizers", "{DAB2611F-71F5-4101-981B-C4ED58B737D1}"
	ProjectSection(SolutionItems) = preProject
		..\..\..\..\..\Program Files\Epic Games\UE_4.23\Engine\Extras\VisualStudioDebugging\UE4.natvis = ..\..\..\..\..\Program Files\Epic Games\UE_4.23\Engine\Extras\VisualStudioDebugging\UE4.natvis
	EndProjectSection
EndProject
Global
	GlobalSection(SolutionConfigurationPlatforms) = preSolution
		DebugGame Editor|HTML5 = DebugGame Editor|HTML5
		DebugGame Editor|IOS = DebugGame Editor|IOS
		DebugGame Editor|Win32 = DebugGame Editor|Win32
		DebugGame Editor|Win64 = DebugGame Editor|Win64
		DebugGame|HTML5 = DebugGame|HTML5
		DebugGame|IOS = DebugGame|IOS
		DebugGame|Win32 = DebugGame|Win32
		DebugGame|Win64 = DebugGame|Win64
		Development Editor|HTML5 = Development Editor|HTML5
		Development Editor|IOS = Development Editor|IOS
		Development Editor|Win32 = Development Editor|Win32
		Development Editor|Win64 = Development Editor|Win64
		Development|HTML5 = Development|HTML5
		Development|IOS = Development|IOS
		Development|Win32 = Development|Win32
		Development|Win64 = Development|Win64
		Shipping|HTML5 = Shipping|HTML5
		Shipping|IOS = Shipping|IOS
		Shipping|Win32 = Shipping|Win32
		Shipping|Win64 = Shipping|Win64
	EndGlobalSection
	GlobalSection(ProjectConfigurationPlatforms) = postSolution
		{3528B389-1A37-4552-B86B-009D38909FA3}.DebugGame Editor|HTML5.ActiveCfg = BuiltWithUnrealBuildTool|Win32
		{3528B389-1A37-4552-B86B-009D38909FA3}.DebugGame Editor|IOS.ActiveCfg = BuiltWithUnrealBuildTool|Win32
		{3528B389-1A37-4552-B86B-009D38909FA3}.DebugGame Editor|Win32.ActiveCfg = BuiltWithUnrealBuildTool|Win32
		{3528B389-1A37-4552-B86B-009D38909FA3}.DebugGame Editor|Win64.ActiveCfg = BuiltWithUnrealBuildTool|Win32
		{3528B389-1A37-4552-B86B-009D38909FA3}.DebugGame|HTML5.ActiveCfg = BuiltWithUnrealBuildTool|Win32
		{3528B389-1A37-4552-B86B-009D38909FA3}.DebugGame|IOS.ActiveCfg = BuiltWithUnrealBuildTool|Win32
		{3528B389-1A37-4552-B86B-009D38909FA3}.DebugGame|Win32.ActiveCfg = BuiltWithUnrealBuildTool|Win32
		{3528B389-1A37-4552-B86B-009D38909FA3}.DebugGame|Win64.ActiveCfg = BuiltWithUnrealBuildTool|Win32
		{3528B389-1A37-4552-B86B-009D38909FA3}.Development Editor|HTML5.ActiveCfg = BuiltWithUnrealBuildTool|Win32
		{3528B389-1A37-4552-B86B-009D38909FA3}.Development Editor|IOS.ActiveCfg = BuiltWithUnrealBuildTool|Win32
		{3528B389-1A37-4552-B86B-009D38909FA3}.Development Editor|Win32.ActiveCfg = BuiltWithUnrealBuildTool|Win32
		{3528B389-1A37-4552-B86B-009D38909FA3}.Development Editor|Win64.ActiveCfg = BuiltWithUnrealBuildTool|Win32
		{3528B389-1A37-4552-B86B-009D38909FA3}.Development|HTML5.ActiveCfg = BuiltWithUnrealBuildTool|Win32
		{3528B389-1A37-4552-B86B-009D38909FA3}.Development|IOS.ActiveCfg = BuiltWithUnrealBuildTool|Win32
		{3528B389-1A37-4552-B86B-009D38909FA3}.Development|Win32.ActiveCfg = BuiltWithUnrealBuildTool|Win32
		{3528B389-1A37-4552-B86B-009D38909FA3}.Development|Win64.ActiveCfg = BuiltWithUnrealBuildTool|Win32
		{3528B389-1A37-4552-B86B-009D38909FA3}.Shipping|HTML5.ActiveCfg = BuiltWithUnrealBuildTool|Win32
		{3528B389-1A37-4552-B86B-009D38909FA3}.Shipping|IOS.ActiveCfg = BuiltWithUnrealBuildTool|Win32
		{3528B389-1A37-4552-B86B-009D38909FA3}.Shipping|Win32.ActiveCfg = BuiltWithUnrealBuildTool|Win32
		{3528B389-1A37-4552-B86B-009D38909FA3}.Shipping|Win64.ActiveCfg = BuiltWithUnrealBuildTool|Win32
		{24C52F8B-B96D-4B60-A001-D2078F247092}.DebugGame Editor|HTML5.ActiveCfg = Invalid|Win32
		{24C52F8B-B96D-4B60-A001-D2078F247092}.DebugGame Editor|IOS.ActiveCfg = Invalid|Win32
		{24C52F8B-B96D-4B60-A001-D2078F247092}.DebugGame Editor|Win32.ActiveCfg = Invalid|Win32
		{24C52F8B-B96D-4B60-A001-D2078F247092}.DebugGame Editor|Win64.ActiveCfg = DebugGame_Editor|x64
		{24C52F8B-B96D-4B60-A001-D2078F247092}.DebugGame Editor|Win64.Build.0 = DebugGame_Editor|x64
		{24C52F8B-B96D-4B60-A001-D2078F247092}.DebugGame|HTML5.ActiveCfg = HTML5_DebugGame|Win32
		{24C52F8B-B96D-4B60-A001-D2078F247092}.DebugGame|HTML5.Build.0 = HTML5_DebugGame|Win32
		{24C52F8B-B96D-4B60-A001-D2078F247092}.DebugGame|IOS.ActiveCfg = IOS_DebugGame|Win32
		{24C52F8B-B96D-4B60-A001-D2078F247092}.DebugGame|IOS.Build.0 = IOS_DebugGame|Win32
		{24C52F8B-B96D-4B60-A001-D2078F247092}.DebugGame|Win32.ActiveCfg = DebugGame|Win32
		{24C52F8B-B96D-4B60-A001-D2078F247092}.DebugGame|Win32.Build.0 = DebugGame|Win32
		{24C52F8B-B96D-4B60-A001-D2078F247092}.DebugGame|Win64.ActiveCfg = DebugGame|x64
		{24C52F8B-B96D-4B60-A001-D2078F247092}.DebugGame|Win64.Build.0 = DebugGame|x64
		{24C52F8B-B96D-4B60-A001-D2078F247092}.Development Editor|HTML5.ActiveCfg = Invalid|Win32
		{24C52F8B-B96D-4B60-A001-D2078F247092}.Development Editor|IOS.ActiveCfg = Invalid|Win32
		{24C52F8B-B96D-4B60-A001-D2078F247092}.Development Editor|Win32.ActiveCfg = Invalid|Win32
		{24C52F8B-B96D-4B60-A001-D2078F247092}.Development Editor|Win64.ActiveCfg = Development_Editor|x64
		{24C52F8B-B96D-4B60-A001-D2078F247092}.Development Editor|Win64.Build.0 = Development_Editor|x64
		{24C52F8B-B96D-4B60-A001-D2078F247092}.Development|HTML5.ActiveCfg = HTML5_Development|Win32
		{24C52F8B-B96D-4B60-A001-D2078F247092}.Development|HTML5.Build.0 = HTML5_Development|Win32
		{24C52F8B-B96D-4B60-A001-D2078F247092}.Development|IOS.ActiveCfg = IOS_Development|Win32
		{24C52F8B-B96D-4B60-A001-D2078F247092}.Development|IOS.Build.0 = IOS_Development|Win32
		{24C52F8B-B96D-4B60-A001-D2078F247092}.Development|Win32.ActiveCfg = Development|Win32
		{24C52F8B-B96D-4B60-A001-D2078F247092}.Development|Win32.Build.0 = Development|Win32
		{24C52F8B-B96D-4B60-A001-D2078F247092}.Development|Win64.ActiveCfg = Development|x64
		{24C52F8B-B96D-4B60-A001-D2078F247092}.Development|Win64.Build.0 = Development|x64
		{24C52F8B-B96D-4B60-A001-D2078F247092}.Shipping|HTML5.ActiveCfg = HTML5_Shipping|Win32
		{24C52F8B-B96D-4B60-A001-D2078F247092}.Shipping|HTML5.Build.0 = HTML5_Shipping|Win32
		{24C52F8B-B96D-4B60-A001-D2078F247092}.Shipping|IOS.ActiveCfg = IOS_Shipping|Win32
		{24C52F8B-B96D-4B60-A001-D2078F247092}.Shipping|IOS.Build.0 = IOS_Shipping|Win32
		{24C52F8B-B96D-4B60-A001-D2078F247092}.Shipping|Win32.ActiveCfg = Shipping|Win32
		{24C52F8B-B96D-4B60-A001-D2078F247092}.Shipping|Win32.Build.0 = Shipping|Win32
		{24C52F8B-B96D-4B60-A001-D2078F247092}.Shipping|Win64.ActiveCfg = Shipping|x64
		{24C52F8B-B96D-4B60-A001-D2078F247092}.Shipping|Win64.Build.0 = Shipping|x64
	EndGlobalSection
	GlobalSection(SolutionProperties) = preSolution
		HideSolutionNode = FALSE
	EndGlobalSection
	GlobalSection(NestedProjects) = preSolution
		{3528B389-1A37-4552-B86B-009D38909FA3} = {DD67F0D3-36D1-4480-B806-3392E8B7C817}
		{24C52F8B-B96D-4B60-A001-D2078F247092} = {7DE04E98-6364-4F1D-9553-D07A64C56A25}
	EndGlobalSection
EndGlobal
